
Microsoft Visual Studio Solution File, Format Version 12.00
# Visual Studio Version 17
VisualStudioVersion = 17.4.33205.214
MinimumVisualStudioVersion = 10.0.40219.1
Project("{FAE04EC0-301F-11D3-BF4B-00C04F79EFBC}") = "CalculadoraPrecos", "CalculadoraPrecos\CalculadoraPrecos.csproj", "{8E91CDBB-08D5-4F7B-92C7-DA0C18222E5B}"
EndProject
Global
	GlobalSection(SolutionConfigurationPlatforms) = preSolution
		Debug|Any CPU = Debug|Any CPU
		Release|Any CPU = Release|Any CPU
	EndGlobalSection
	GlobalSection(ProjectConfigurationPlatforms) = postSolution
		{8E91CDBB-08D5-4F7B-92C7-DA0C18222E5B}.Debug|Any CPU.ActiveCfg = Debug|Any CPU
		{8E91CDBB-08D5-4F7B-92C7-DA0C18222E5B}.Debug|Any CPU.Build.0 = Debug|Any CPU
		{8E91CDBB-08D5-4F7B-92C7-DA0C18222E5B}.Release|Any CPU.ActiveCfg = Release|Any CPU
		{8E91CDBB-08D5-4F7B-92C7-DA0C18222E5B}.Release|Any CPU.Build.0 = Release|Any CPU
	EndGlobalSection
	GlobalSection(SolutionProperties) = preSolution
		HideSolutionNode = FALSE
	EndGlobalSection
	GlobalSection(ExtensibilityGlobals) = postSolution
		SolutionGuid = {60F20D1B-A200-4CDB-945F-84FD005EA65B}
	EndGlobalSection
EndGlobal
